
Microsoft Visual Studio Solution File, Format Version 12.00
# Visual Studio 2012
Project("{FAE04EC0-301F-11D3-BF4B-00C04F79EFBC}") = "Recipes", "Recipes.csproj", "{BAB50306-FA2D-4AD1-BFF1-AB1F3D6FEBEA}"
EndProject
Project("{FAE04EC0-301F-11D3-BF4B-00C04F79EFBC}") = "RecipeErrorClass", "RecipeErrorClass\RecipeErrorClass.csproj", "{3C665D80-C46C-493C-B0BD-DDBB5BAAF7CF}"
EndProject
Project("{FAE04EC0-301F-11D3-BF4B-00C04F79EFBC}") = "RecipeClassLibrary", "..\RecipeClassLibrary\RecipeClassLibrary.csproj", "{E2EFC7AE-236E-4652-B1B2-D5C1050A7497}"
EndProject
Project("{FAE04EC0-301F-11D3-BF4B-00C04F79EFBC}") = "SearchLibrary", "..\SearchLibrary\SearchLibrary.csproj", "{8EB337E4-B8C2-49A6-9601-DC2F14395AB8}"
EndProject
Global
	GlobalSection(SolutionConfigurationPlatforms) = preSolution
		Debug|Any CPU = Debug|Any CPU
		Release|Any CPU = Release|Any CPU
	EndGlobalSection
	GlobalSection(ProjectConfigurationPlatforms) = postSolution
		{BAB50306-FA2D-4AD1-BFF1-AB1F3D6FEBEA}.Debug|Any CPU.ActiveCfg = Debug|Any CPU
		{BAB50306-FA2D-4AD1-BFF1-AB1F3D6FEBEA}.Debug|Any CPU.Build.0 = Debug|Any CPU
		{BAB50306-FA2D-4AD1-BFF1-AB1F3D6FEBEA}.Release|Any CPU.ActiveCfg = Release|Any CPU
		{BAB50306-FA2D-4AD1-BFF1-AB1F3D6FEBEA}.Release|Any CPU.Build.0 = Release|Any CPU
		{3C665D80-C46C-493C-B0BD-DDBB5BAAF7CF}.Debug|Any CPU.ActiveCfg = Debug|Any CPU
		{3C665D80-C46C-493C-B0BD-DDBB5BAAF7CF}.Debug|Any CPU.Build.0 = Debug|Any CPU
		{3C665D80-C46C-493C-B0BD-DDBB5BAAF7CF}.Release|Any CPU.ActiveCfg = Release|Any CPU
		{3C665D80-C46C-493C-B0BD-DDBB5BAAF7CF}.Release|Any CPU.Build.0 = Release|Any CPU
		{E2EFC7AE-236E-4652-B1B2-D5C1050A7497}.Debug|Any CPU.ActiveCfg = Debug|Any CPU
		{E2EFC7AE-236E-4652-B1B2-D5C1050A7497}.Debug|Any CPU.Build.0 = Debug|Any CPU
		{E2EFC7AE-236E-4652-B1B2-D5C1050A7497}.Release|Any CPU.ActiveCfg = Release|Any CPU
		{E2EFC7AE-236E-4652-B1B2-D5C1050A7497}.Release|Any CPU.Build.0 = Release|Any CPU
		{8EB337E4-B8C2-49A6-9601-DC2F14395AB8}.Debug|Any CPU.ActiveCfg = Debug|Any CPU
		{8EB337E4-B8C2-49A6-9601-DC2F14395AB8}.Debug|Any CPU.Build.0 = Debug|Any CPU
		{8EB337E4-B8C2-49A6-9601-DC2F14395AB8}.Release|Any CPU.ActiveCfg = Release|Any CPU
		{8EB337E4-B8C2-49A6-9601-DC2F14395AB8}.Release|Any CPU.Build.0 = Release|Any CPU
	EndGlobalSection
	GlobalSection(SolutionProperties) = preSolution
		HideSolutionNode = FALSE
	EndGlobalSection
EndGlobal
