
Microsoft Visual Studio Solution File, Format Version 12.00
# Visual Studio 2012
Project("{FAE04EC0-301F-11D3-BF4B-00C04F79EFBC}") = "Recipes", "Recipes.csproj", "{BAB50306-FA2D-4AD1-BFF1-AB1F3D6FEBEA}"
EndProject
Global
	GlobalSection(SolutionConfigurationPlatforms) = preSolution
		Debug|Any CPU = Debug|Any CPU
		Release|Any CPU = Release|Any CPU
	EndGlobalSection
	GlobalSection(ProjectConfigurationPlatforms) = postSolution
		{BAB50306-FA2D-4AD1-BFF1-AB1F3D6FEBEA}.Debug|Any CPU.ActiveCfg = Debug|Any CPU
		{BAB50306-FA2D-4AD1-BFF1-AB1F3D6FEBEA}.Debug|Any CPU.Build.0 = Debug|Any CPU
		{BAB50306-FA2D-4AD1-BFF1-AB1F3D6FEBEA}.Release|Any CPU.ActiveCfg = Release|Any CPU
		{BAB50306-FA2D-4AD1-BFF1-AB1F3D6FEBEA}.Release|Any CPU.Build.0 = Release|Any CPU
	EndGlobalSection
	GlobalSection(SolutionProperties) = preSolution
		HideSolutionNode = FALSE
	EndGlobalSection
EndGlobal
